
Microsoft Visual Studio Solution File, Format Version 12.00
# Visual Studio Version 16
VisualStudioVersion = 16.0.28803.352
MinimumVisualStudioVersion = 10.0.40219.1
Project("{FAE04EC0-301F-11D3-BF4B-00C04F79EFBC}") = "AdminView", "adminview\AdminView.csproj", "{D0D529AA-4B70-4663-8677-9BF5F778515B}"
EndProject
Project("{FAE04EC0-301F-11D3-BF4B-00C04F79EFBC}") = "DataModels", "DataModels\DataModels.csproj", "{BA07CD06-1B08-44BB-A076-50590717837F}"
EndProject
Project("{FAE04EC0-301F-11D3-BF4B-00C04F79EFBC}") = "SkuApplication", "SkuApplication\SkuApplication.csproj", "{7C0B2478-9490-446A-8ECD-2A34A1D373E9}"
EndProject
Project("{FAE04EC0-301F-11D3-BF4B-00C04F79EFBC}") = "SkuAppDomain", "SkuAppDomain\SkuAppDomain.csproj", "{00E8D88C-C70E-4FBC-B835-E7AF74A2AFCE}"
EndProject
Project("{FAE04EC0-301F-11D3-BF4B-00C04F79EFBC}") = "SkuAppUnitTests", "SkuAppUnitTests\SkuAppUnitTests.csproj", "{A32DAABB-E96A-464D-9EC7-BAC2E949C2F2}"
EndProject
Global
	GlobalSection(SolutionConfigurationPlatforms) = preSolution
		Debug|Any CPU = Debug|Any CPU
		Release|Any CPU = Release|Any CPU
	EndGlobalSection
	GlobalSection(ProjectConfigurationPlatforms) = postSolution
		{D0D529AA-4B70-4663-8677-9BF5F778515B}.Debug|Any CPU.ActiveCfg = Debug|Any CPU
		{D0D529AA-4B70-4663-8677-9BF5F778515B}.Debug|Any CPU.Build.0 = Debug|Any CPU
		{D0D529AA-4B70-4663-8677-9BF5F778515B}.Release|Any CPU.ActiveCfg = Release|Any CPU
		{D0D529AA-4B70-4663-8677-9BF5F778515B}.Release|Any CPU.Build.0 = Release|Any CPU
		{BA07CD06-1B08-44BB-A076-50590717837F}.Debug|Any CPU.ActiveCfg = Debug|Any CPU
		{BA07CD06-1B08-44BB-A076-50590717837F}.Debug|Any CPU.Build.0 = Debug|Any CPU
		{BA07CD06-1B08-44BB-A076-50590717837F}.Release|Any CPU.ActiveCfg = Release|Any CPU
		{BA07CD06-1B08-44BB-A076-50590717837F}.Release|Any CPU.Build.0 = Release|Any CPU
		{7C0B2478-9490-446A-8ECD-2A34A1D373E9}.Debug|Any CPU.ActiveCfg = Debug|Any CPU
		{7C0B2478-9490-446A-8ECD-2A34A1D373E9}.Debug|Any CPU.Build.0 = Debug|Any CPU
		{7C0B2478-9490-446A-8ECD-2A34A1D373E9}.Release|Any CPU.ActiveCfg = Release|Any CPU
		{7C0B2478-9490-446A-8ECD-2A34A1D373E9}.Release|Any CPU.Build.0 = Release|Any CPU
		{00E8D88C-C70E-4FBC-B835-E7AF74A2AFCE}.Debug|Any CPU.ActiveCfg = Debug|Any CPU
		{00E8D88C-C70E-4FBC-B835-E7AF74A2AFCE}.Debug|Any CPU.Build.0 = Debug|Any CPU
		{00E8D88C-C70E-4FBC-B835-E7AF74A2AFCE}.Release|Any CPU.ActiveCfg = Release|Any CPU
		{00E8D88C-C70E-4FBC-B835-E7AF74A2AFCE}.Release|Any CPU.Build.0 = Release|Any CPU
		{A32DAABB-E96A-464D-9EC7-BAC2E949C2F2}.Debug|Any CPU.ActiveCfg = Debug|Any CPU
		{A32DAABB-E96A-464D-9EC7-BAC2E949C2F2}.Debug|Any CPU.Build.0 = Debug|Any CPU
		{A32DAABB-E96A-464D-9EC7-BAC2E949C2F2}.Release|Any CPU.ActiveCfg = Release|Any CPU
		{A32DAABB-E96A-464D-9EC7-BAC2E949C2F2}.Release|Any CPU.Build.0 = Release|Any CPU
	EndGlobalSection
	GlobalSection(SolutionProperties) = preSolution
		HideSolutionNode = FALSE
	EndGlobalSection
	GlobalSection(ExtensibilityGlobals) = postSolution
		SolutionGuid = {B4BF76C1-25CF-4645-853A-8051DD1066D5}
	EndGlobalSection
EndGlobal
